{
  "nodes": {
    "buttercup": {
      "flake": false,
      "locked": {
        "lastModified": 1754006498,
        "narHash": "sha256-uDNLdTJfNYVFJq6oFH/QqLWEvomrtID60QtFXvLUyCY=",
        "owner": "jorgenschaefer",
        "repo": "emacs-buttercup",
        "rev": "cc5a2ab7c7f18aaaf525fac61fe59bae5ad018dd",
        "type": "github"
      },
      "original": {
        "owner": "jorgenschaefer",
        "repo": "emacs-buttercup",
        "type": "github"
      }
    },
    "dash": {
      "flake": false,
      "locked": {
        "lastModified": 1755165091,
        "narHash": "sha256-X1ugYAPFgoQoD6teyvGoqcfEau6Jp2akci2fAMgYkS0=",
        "owner": "magnars",
        "repo": "dash.el",
        "rev": "af5ea5d8a13735fa27d2c3e6f756d065639a7b45",
        "type": "github"
      },
      "original": {
        "owner": "magnars",
        "repo": "dash.el",
        "type": "github"
      }
    },
    "root": {
      "inputs": {
        "buttercup": "buttercup",
        "dash": "dash"
      }
    }
  },
  "root": "root",
  "version": 7
}
