{
  "nodes": {
    "buttercup": {
      "flake": false,
      "locked": {
        "lastModified": 1754006498,
        "narHash": "sha256-uDNLdTJfNYVFJq6oFH/QqLWEvomrtID60QtFXvLUyCY=",
        "owner": "jorgenschaefer",
        "repo": "emacs-buttercup",
        "rev": "cc5a2ab7c7f18aaaf525fac61fe59bae5ad018dd",
        "type": "github"
      },
      "original": {
        "owner": "jorgenschaefer",
        "repo": "emacs-buttercup",
        "type": "github"
      }
    },
    "dash": {
      "flake": false,
      "locked": {
        "lastModified": 1760611661,
        "narHash": "sha256-DjUHlCKt1mX72ahkxZxHywyw5pcS1JSFB2Rr+gnIGlQ=",
        "owner": "magnars",
        "repo": "dash.el",
        "rev": "fb443e7a6e660ba849cafcd01021d9aac3ac6764",
        "type": "github"
      },
      "original": {
        "owner": "magnars",
        "repo": "dash.el",
        "type": "github"
      }
    },
    "root": {
      "inputs": {
        "buttercup": "buttercup",
        "dash": "dash"
      }
    }
  },
  "root": "root",
  "version": 7
}
