{
  "nodes": {
    "elisp-helpers": {
      "flake": false,
      "locked": {
        "lastModified": 1644084222,
        "narHash": "sha256-Z7K0UkMvjZ+rwzhE2smK5GCl4LkrmY97MKkpay23yDo=",
        "owner": "emacs-twist",
        "repo": "elisp-helpers",
        "rev": "7e295072ec385d0ef7e46efca259d9276542cd6f",
        "type": "github"
      },
      "original": {
        "owner": "emacs-twist",
        "repo": "elisp-helpers",
        "type": "github"
      }
    },
    "elsa": {
      "flake": false,
      "locked": {
        "lastModified": 1645647680,
        "narHash": "sha256-uEX4T4VAIBiiSUfLXko/mxOghlz794GgVfD21jqJ3F0=",
        "owner": "emacs-elsa",
        "repo": "Elsa",
        "rev": "21ed4f46e2d02ffb48b3ae377b0c93732ccf3f4f",
        "type": "github"
      },
      "original": {
        "owner": "emacs-elsa",
        "repo": "Elsa",
        "type": "github"
      }
    },
    "emacs-ci": {
      "flake": false,
      "locked": {
        "lastModified": 1649081576,
        "narHash": "sha256-jTPTcKqdqMlgL9LWgz9S/8uRwpwpA4W6koxY+9n7Y8w=",
        "owner": "purcell",
        "repo": "nix-emacs-ci",
        "rev": "0cb9368d14ba83f2fc4dfeb85a70f9eb64986fba",
        "type": "github"
      },
      "original": {
        "owner": "purcell",
        "repo": "nix-emacs-ci",
        "type": "github"
      }
    },
    "flake-utils": {
      "locked": {
        "lastModified": 1648297722,
        "narHash": "sha256-W+qlPsiZd8F3XkzXOzAoR+mpFqzm3ekQkJNa+PIh1BQ=",
        "owner": "numtide",
        "repo": "flake-utils",
        "rev": "0f8662f1319ad6abf89b3380dd2722369fc51ade",
        "type": "github"
      },
      "original": {
        "owner": "numtide",
        "repo": "flake-utils",
        "type": "github"
      }
    },
    "fromElisp": {
      "flake": false,
      "locked": {
        "lastModified": 1620725665,
        "narHash": "sha256-xLQDuSXjlTJUPftbT/PTegrn6yySoEYrFlUP5e8Kfuc=",
        "owner": "talyz",
        "repo": "fromElisp",
        "rev": "1c0d9b629b505a6d7ba050172b2fcaf43fa32801",
        "type": "github"
      },
      "original": {
        "owner": "talyz",
        "repo": "fromElisp",
        "type": "github"
      }
    },
    "gitignore": {
      "inputs": {
        "nixpkgs": [
          "nomake",
          "nixpkgs"
        ]
      },
      "locked": {
        "lastModified": 1646480205,
        "narHash": "sha256-kekOlTlu45vuK2L9nq8iVN17V3sB0WWPqTTW3a2SQG0=",
        "owner": "hercules-ci",
        "repo": "gitignore.nix",
        "rev": "bff2832ec341cf30acb3a4d3e2e7f1f7b590116a",
        "type": "github"
      },
      "original": {
        "owner": "hercules-ci",
        "repo": "gitignore.nix",
        "type": "github"
      }
    },
    "gnu-elpa": {
      "flake": false,
      "locked": {
        "lastModified": 1647944531,
        "narHash": "sha256-uvaxY0qBlsM+yOrsnAqs3U7fs3i+87/4OxXkrpsVzgw=",
        "ref": "main",
        "rev": "35991618ee30943537432b4ae91ea23e6792b11d",
        "revCount": 349,
        "type": "git",
        "url": "https://git.savannah.gnu.org/git/emacs/elpa.git"
      },
      "original": {
        "ref": "main",
        "type": "git",
        "url": "https://git.savannah.gnu.org/git/emacs/elpa.git"
      }
    },
    "melpa": {
      "flake": false,
      "locked": {
        "lastModified": 1649044374,
        "narHash": "sha256-zy42BLwfhGsZkScjkaFso4SFCiUa10r5tRAkJQfMRRs=",
        "owner": "melpa",
        "repo": "melpa",
        "rev": "7d14ddda9729eec229a72a8827d0f0a5be779db7",
        "type": "github"
      },
      "original": {
        "owner": "melpa",
        "repo": "melpa",
        "type": "github"
      }
    },
    "nixpkgs": {
      "locked": {
        "lastModified": 1643087856,
        "narHash": "sha256-EreC7gP/T566PDRZjqNoTvByTyvABEpJpWFtyNUDS0Y=",
        "path": "/nix/store/q5ipbyw3kxa7q9fia4c564rbdnhy4xsa-source",
        "rev": "8bd55a6a5ab05942af769c2aa2494044bff7f625",
        "type": "path"
      },
      "original": {
        "id": "nixpkgs",
        "type": "indirect"
      }
    },
    "nomake": {
      "inputs": {
        "elsa": "elsa",
        "emacs-ci": "emacs-ci",
        "flake-utils": "flake-utils",
        "gitignore": "gitignore",
        "gnu-elpa": [
          "gnu-elpa"
        ],
        "melpa": [
          "melpa"
        ],
        "nixpkgs": "nixpkgs",
        "package-lint": "package-lint",
        "twist": "twist"
      },
      "locked": {
        "lastModified": 1649092635,
        "narHash": "sha256-YHbz2sONN8WI6lqYNODcJpKwg4fuRP+bSYYjqUY0vhc=",
        "owner": "emacs-twist",
        "repo": "nomake",
        "rev": "72c9fb28af5c74df412905df77127c99ee5172ef",
        "type": "github"
      },
      "original": {
        "owner": "emacs-twist",
        "repo": "nomake",
        "type": "github"
      }
    },
    "package-lint": {
      "flake": false,
      "locked": {
        "lastModified": 1649076230,
        "narHash": "sha256-o5hAYEzvqkqJIWLxbaMBE7vy2ij5sfzgX6Xx/LGiqwE=",
        "owner": "purcell",
        "repo": "package-lint",
        "rev": "6ca68488851404a41dbf993095eeb49f76dff877",
        "type": "github"
      },
      "original": {
        "owner": "purcell",
        "repo": "package-lint",
        "type": "github"
      }
    },
    "root": {
      "inputs": {
        "gnu-elpa": "gnu-elpa",
        "melpa": "melpa",
        "nomake": "nomake"
      }
    },
    "twist": {
      "inputs": {
        "elisp-helpers": "elisp-helpers",
        "fromElisp": "fromElisp"
      },
      "locked": {
        "lastModified": 1648346327,
        "narHash": "sha256-CQ2YjZ3MmkoViEA9h77IRXTozD/sIowF67Xg1+KSz8M=",
        "owner": "emacs-twist",
        "repo": "twist.nix",
        "rev": "815afc0cb37d7350f214c1e65ae2b0b34d501f8a",
        "type": "github"
      },
      "original": {
        "owner": "emacs-twist",
        "repo": "twist.nix",
        "type": "github"
      }
    }
  },
  "root": "root",
  "version": 7
}
