{
  "nodes": {
    "buttercup": {
      "flake": false,
      "locked": {
        "lastModified": 1648586608,
        "narHash": "sha256-qGZYc9ECJ28ZjazpGUqY8Z7fdbdWCA0/ujtd0CWD8qA=",
        "owner": "jorgenschaefer",
        "repo": "emacs-buttercup",
        "rev": "f5cbf97e1086441b2d6fa3ea240758b932c7c5e1",
        "type": "github"
      },
      "original": {
        "owner": "jorgenschaefer",
        "repo": "emacs-buttercup",
        "type": "github"
      }
    },
    "dash": {
      "flake": false,
      "locked": {
        "lastModified": 1665650208,
        "narHash": "sha256-b0dAQPHOv0oZkmkV/0kHqSWwz45W1mWrx1Iv83/M6B0=",
        "owner": "magnars",
        "repo": "dash.el",
        "rev": "3df46d7d9fe74f52a661565888e4d31fd760f0df",
        "type": "github"
      },
      "original": {
        "owner": "magnars",
        "repo": "dash.el",
        "type": "github"
      }
    },
    "org": {
      "flake": false,
      "locked": {
        "lastModified": 1665899000,
        "narHash": "sha256-LE2+QiHxUQ1GIHGHROODWlnJMC3hO/XIaBAq1uiM0zY=",
        "ref": "bugfix",
        "rev": "58a46fab0d317ecc106ec5d326ecf04395a30052",
        "revCount": 24665,
        "type": "git",
        "url": "git://git.sv.gnu.org/emacs/org-mode.git"
      },
      "original": {
        "ref": "bugfix",
        "type": "git",
        "url": "git://git.sv.gnu.org/emacs/org-mode.git"
      }
    },
    "org-reverse-datetree": {
      "flake": false,
      "locked": {
        "lastModified": 1668445988,
        "narHash": "sha256-LqDdiq9OWtv+TqN70/iUkenyKIK5eUVCrxxzGJbNaUw=",
        "owner": "akirak",
        "repo": "org-reverse-datetree",
        "rev": "67aecbbb55b2e0d1c435e686ac46c37038a981d0",
        "type": "github"
      },
      "original": {
        "owner": "akirak",
        "repo": "org-reverse-datetree",
        "type": "github"
      }
    },
    "root": {
      "inputs": {
        "buttercup": "buttercup",
        "dash": "dash",
        "org": "org",
        "org-reverse-datetree": "org-reverse-datetree"
      }
    }
  },
  "root": "root",
  "version": 7
}
