{
  "nodes": {
    "buttercup": {
      "flake": false,
      "locked": {
        "lastModified": 1648586608,
        "narHash": "sha256-qGZYc9ECJ28ZjazpGUqY8Z7fdbdWCA0/ujtd0CWD8qA=",
        "owner": "jorgenschaefer",
        "repo": "emacs-buttercup",
        "rev": "f5cbf97e1086441b2d6fa3ea240758b932c7c5e1",
        "type": "github"
      },
      "original": {
        "owner": "jorgenschaefer",
        "repo": "emacs-buttercup",
        "type": "github"
      }
    },
    "dash": {
      "flake": false,
      "locked": {
        "lastModified": 1632096711,
        "narHash": "sha256-oeIUEe5OGgij6IessN6bmS7re5r+D5BlrU4MOsaK3JE=",
        "owner": "magnars",
        "repo": "dash.el",
        "rev": "da167c51e9fd167a48d06c7c0ee8e3ac7abd9718",
        "type": "github"
      },
      "original": {
        "owner": "magnars",
        "repo": "dash.el",
        "type": "github"
      }
    },
    "org": {
      "flake": false,
      "locked": {
        "lastModified": 1648740710,
        "narHash": "sha256-yqLzec7jH1UfR05UVl7KzTtKgOqHz1clSIpUWuiF5AY=",
        "ref": "bugfix",
        "rev": "64ee5c2c47e0167f4cd4740a8d57731d30d47b68",
        "revCount": 24629,
        "type": "git",
        "url": "git://git.sv.gnu.org/emacs/org-mode.git"
      },
      "original": {
        "ref": "bugfix",
        "type": "git",
        "url": "git://git.sv.gnu.org/emacs/org-mode.git"
      }
    },
    "org-reverse-datetree": {
      "flake": false,
      "locked": {
        "lastModified": 1646930854,
        "narHash": "sha256-oraw+Io/nt24LMAO8RTNyMUMIKSpkP+oaqYuyazZ1ak=",
        "owner": "akirak",
        "repo": "org-reverse-datetree",
        "rev": "c42078f8601b7f600135f66e75246a53c5f9975f",
        "type": "github"
      },
      "original": {
        "owner": "akirak",
        "repo": "org-reverse-datetree",
        "type": "github"
      }
    },
    "root": {
      "inputs": {
        "buttercup": "buttercup",
        "dash": "dash",
        "org": "org",
        "org-reverse-datetree": "org-reverse-datetree"
      }
    }
  },
  "root": "root",
  "version": 7
}
